
Microsoft Visual Studio Solution File, Format Version 12.00
# Visual Studio 14
VisualStudioVersion = 14.0.25420.1
MinimumVisualStudioVersion = 10.0.40219.1
Project("{FAE04EC0-301F-11D3-BF4B-00C04F79EFBC}") = "1. CreatingTypes_Classes", "1. CreatingTypes_Classes\1. CreatingTypes_Classes.csproj", "{393BE180-E44B-43E6-8F86-D2C92AD49490}"
EndProject
Project("{FAE04EC0-301F-11D3-BF4B-00C04F79EFBC}") = "2. StaticMethods", "StaticMethods\2. StaticMethods.csproj", "{C606F506-1E88-4BF1-A943-745E14FFBC61}"
EndProject
Project("{FAE04EC0-301F-11D3-BF4B-00C04F79EFBC}") = "3. OOP", "3. OOP\3. OOP.csproj", "{06726AB3-EA85-4A3A-BEA6-222A41775A58}"
EndProject
Global
	GlobalSection(SolutionConfigurationPlatforms) = preSolution
		Debug|Any CPU = Debug|Any CPU
		Release|Any CPU = Release|Any CPU
	EndGlobalSection
	GlobalSection(ProjectConfigurationPlatforms) = postSolution
		{393BE180-E44B-43E6-8F86-D2C92AD49490}.Debug|Any CPU.ActiveCfg = Debug|Any CPU
		{393BE180-E44B-43E6-8F86-D2C92AD49490}.Debug|Any CPU.Build.0 = Debug|Any CPU
		{393BE180-E44B-43E6-8F86-D2C92AD49490}.Release|Any CPU.ActiveCfg = Release|Any CPU
		{393BE180-E44B-43E6-8F86-D2C92AD49490}.Release|Any CPU.Build.0 = Release|Any CPU
		{C606F506-1E88-4BF1-A943-745E14FFBC61}.Debug|Any CPU.ActiveCfg = Debug|Any CPU
		{C606F506-1E88-4BF1-A943-745E14FFBC61}.Debug|Any CPU.Build.0 = Debug|Any CPU
		{C606F506-1E88-4BF1-A943-745E14FFBC61}.Release|Any CPU.ActiveCfg = Release|Any CPU
		{C606F506-1E88-4BF1-A943-745E14FFBC61}.Release|Any CPU.Build.0 = Release|Any CPU
		{06726AB3-EA85-4A3A-BEA6-222A41775A58}.Debug|Any CPU.ActiveCfg = Debug|Any CPU
		{06726AB3-EA85-4A3A-BEA6-222A41775A58}.Debug|Any CPU.Build.0 = Debug|Any CPU
		{06726AB3-EA85-4A3A-BEA6-222A41775A58}.Release|Any CPU.ActiveCfg = Release|Any CPU
		{06726AB3-EA85-4A3A-BEA6-222A41775A58}.Release|Any CPU.Build.0 = Release|Any CPU
	EndGlobalSection
	GlobalSection(SolutionProperties) = preSolution
		HideSolutionNode = FALSE
	EndGlobalSection
EndGlobal
